{
  "name": "nyan-ib-bridge",
  "version": "1.0.0",
  "lockfileVersion": 3,
  "requires": true,
  "packages": {
    "": {
      "name": "nyan-ib-bridge",
      "version": "1.0.0",
      "dependencies": {
        "@stoqey/ib": "^1.0.18",
        "ws": "^8.16.0"
      }
    },
    "node_modules/@stoqey/ib": {
      "version": "1.5.3",
      "resolved": "https://registry.npmjs.org/@stoqey/ib/-/ib-1.5.3.tgz",
      "integrity": "sha512-gT+IEgJy1eo3KHwwOqdvmQp3gqumU4cgbddv4n7JE6fqfiKetx4uxkkE5b6R+SRfuzWoFj9ORmaswuSbrNZzPA==",
      "license": "MIT",
      "dependencies": {
        "colors": "^1.4.0",
        "command-buffer": "^0.1.0",
        "dotenv": "^16.4.7",
        "eventemitter3": "^5.0.1",
        "function-rate-limit": "^1.1.0",
        "rxjs": "^7.8.1"
      },
      "engines": {
        "node": ">=18.0.0"
      }
    },
    "node_modules/colors": {
      "version": "1.4.0",
      "resolved": "https://registry.npmjs.org/colors/-/colors-1.4.0.tgz",
      "integrity": "sha512-a+UqTh4kgZg/SlGvfbzDHpgRu7AAQOmmqRHJnxhRZICKFUT91brVhNNt58CMWU9PsBbv3PDCZUHbVxuDiH2mtA==",
      "license": "MIT",
      "engines": {
        "node": ">=0.1.90"
      }
    },
    "node_modules/command-buffer": {
      "version": "0.1.0",
      "resolved": "https://registry.npmjs.org/command-buffer/-/command-buffer-0.1.0.tgz",
      "integrity": "sha512-HgU3HdxE1rQ0MWi+LM8AxTubzW1+r5EoPGy/V5XsqNFsZpU6phHLKBee+qRhEr2tMpNaWbqq2PyRF7ZsTlrIKQ==",
      "license": "MIT"
    },
    "node_modules/dotenv": {
      "version": "16.6.1",
      "resolved": "https://registry.npmjs.org/dotenv/-/dotenv-16.6.1.tgz",
      "integrity": "sha512-uBq4egWHTcTt33a72vpSG0z3HnPuIl6NqYcTrKEg2azoEyl2hpW0zqlxysq2pK9HlDIHyHyakeYaYnSAwd8bow==",
      "license": "BSD-2-Clause",
      "engines": {
        "node": ">=12"
      },
      "funding": {
        "url": "https://dotenvx.com"
      }
    },
    "node_modules/eventemitter3": {
      "version": "5.0.4",
      "resolved": "https://registry.npmjs.org/eventemitter3/-/eventemitter3-5.0.4.tgz",
      "integrity": "sha512-mlsTRyGaPBjPedk6Bvw+aqbsXDtoAyAzm5MO7JgU+yVRyMQ5O8bD4Kcci7BS85f93veegeCPkL8R4GLClnjLFw==",
      "license": "MIT"
    },
    "node_modules/function-rate-limit": {
      "version": "1.1.0",
      "resolved": "https://registry.npmjs.org/function-rate-limit/-/function-rate-limit-1.1.0.tgz",
      "integrity": "sha512-XNFOWy3kSz+96MeBCDUMmsLMSb7SmkAIfnhOsPRPz9V2Dx2agNmqjT//3QvXOgIH7FcGPfXMj8peajKHYuQ/Sw==",
      "license": "MIT"
    },
    "node_modules/rxjs": {
      "version": "7.8.2",
      "resolved": "https://registry.npmjs.org/rxjs/-/rxjs-7.8.2.tgz",
      "integrity": "sha512-dhKf903U/PQZY6boNNtAGdWbG85WAbjT/1xYoZIC7FAY0yWapOBQVsVrDl58W86//e1VpMNBtRV4MaXfdMySFA==",
      "license": "Apache-2.0",
      "dependencies": {
        "tslib": "^2.1.0"
      }
    },
    "node_modules/tslib": {
      "version": "2.8.1",
      "resolved": "https://registry.npmjs.org/tslib/-/tslib-2.8.1.tgz",
      "integrity": "sha512-oJFu94HQb+KVduSUQL7wnpmqnfmLsOA/nAh6b6EH0wCEoK0/mPeXU6c3wKDV83MkOuHPRHtSXKKU99IBazS/2w==",
      "license": "0BSD"
    },
    "node_modules/ws": {
      "version": "8.20.0",
      "resolved": "https://registry.npmjs.org/ws/-/ws-8.20.0.tgz",
      "integrity": "sha512-sAt8BhgNbzCtgGbt2OxmpuryO63ZoDk/sqaB/znQm94T4fCEsy/yV+7CdC1kJhOU9lboAEU7R3kquuycDoibVA==",
      "license": "MIT",
      "engines": {
        "node": ">=10.0.0"
      },
      "peerDependencies": {
        "bufferutil": "^4.0.1",
        "utf-8-validate": ">=5.0.2"
      },
      "peerDependenciesMeta": {
        "bufferutil": {
          "optional": true
        },
        "utf-8-validate": {
          "optional": true
        }
      }
    }
  }
}
